
Microsoft Visual Studio Solution File, Format Version 12.00
Project("{FAE04EC0-301F-11D3-BF4B-00C04F79EFBC}") = "PollDb", "PollDb\PollDb.csproj", "{3EA94ACD-23F5-4D7D-899B-CE7B5A11A324}"
EndProject
Global
	GlobalSection(SolutionConfigurationPlatforms) = preSolution
		Debug|Any CPU = Debug|Any CPU
		Release|Any CPU = Release|Any CPU
	EndGlobalSection
	GlobalSection(ProjectConfigurationPlatforms) = postSolution
		{3EA94ACD-23F5-4D7D-899B-CE7B5A11A324}.Debug|Any CPU.ActiveCfg = Debug|Any CPU
		{3EA94ACD-23F5-4D7D-899B-CE7B5A11A324}.Debug|Any CPU.Build.0 = Debug|Any CPU
		{3EA94ACD-23F5-4D7D-899B-CE7B5A11A324}.Release|Any CPU.ActiveCfg = Release|Any CPU
		{3EA94ACD-23F5-4D7D-899B-CE7B5A11A324}.Release|Any CPU.Build.0 = Release|Any CPU
	EndGlobalSection
EndGlobal
